
Microsoft Visual Studio Solution File, Format Version 12.00
# Visual Studio 14
VisualStudioVersion = 14.0.25420.1
MinimumVisualStudioVersion = 10.0.40219.1
Project("{FAE04EC0-301F-11D3-BF4B-00C04F79EFBC}") = "ExcelR", "ExcelR\ExcelR.csproj", "{840F3AB2-56EF-4917-8D55-C4CB48279403}"
EndProject
Project("{FAE04EC0-301F-11D3-BF4B-00C04F79EFBC}") = "ExcelRTest", "ExcelRTest\ExcelRTest.csproj", "{DBD2FD3B-85C4-4333-9A54-8FF7ED332C2E}"
EndProject
Global
	GlobalSection(SolutionConfigurationPlatforms) = preSolution
		Debug|Any CPU = Debug|Any CPU
		Release|Any CPU = Release|Any CPU
	EndGlobalSection
	GlobalSection(ProjectConfigurationPlatforms) = postSolution
		{840F3AB2-56EF-4917-8D55-C4CB48279403}.Debug|Any CPU.ActiveCfg = Debug|Any CPU
		{840F3AB2-56EF-4917-8D55-C4CB48279403}.Debug|Any CPU.Build.0 = Debug|Any CPU
		{840F3AB2-56EF-4917-8D55-C4CB48279403}.Release|Any CPU.ActiveCfg = Release|Any CPU
		{840F3AB2-56EF-4917-8D55-C4CB48279403}.Release|Any CPU.Build.0 = Release|Any CPU
		{DBD2FD3B-85C4-4333-9A54-8FF7ED332C2E}.Debug|Any CPU.ActiveCfg = Debug|Any CPU
		{DBD2FD3B-85C4-4333-9A54-8FF7ED332C2E}.Debug|Any CPU.Build.0 = Debug|Any CPU
		{DBD2FD3B-85C4-4333-9A54-8FF7ED332C2E}.Release|Any CPU.ActiveCfg = Release|Any CPU
		{DBD2FD3B-85C4-4333-9A54-8FF7ED332C2E}.Release|Any CPU.Build.0 = Release|Any CPU
	EndGlobalSection
	GlobalSection(SolutionProperties) = preSolution
		HideSolutionNode = FALSE
	EndGlobalSection
EndGlobal
